// !$*UTF8*$!
{
	archiveVersion = 1;
	classes = {
	};
	objectVersion = 56;
	objects = {

/* Begin PBXBuildFile section */
		B45EC0AA2A2B28DD00CBCB25 /* AppDelegate.m in Sources */ = {isa = PBXBuildFile; fileRef = B45EC0A92A2B28DD00CBCB25 /* AppDelegate.m */; };
		B45EC0AF2A2B28DD00CBCB25 /* Assets.xcassets in Resources */ = {isa = PBXBuildFile; fileRef = B45EC0AE2A2B28DD00CBCB25 /* Assets.xcassets */; };
		B45EC0B22A2B28DD00CBCB25 /* Main.storyboard in Resources */ = {isa = PBXBuildFile; fileRef = B45EC0B02A2B28DD00CBCB25 /* Main.storyboard */; };
		B45EC0B42A2B28DD00CBCB25 /* main.m in Sources */ = {isa = PBXBuildFile; fileRef = B45EC0B32A2B28DD00CBCB25 /* main.m */; };
		B45EC0BD2A2B28E600CBCB25 /* Metal.framework in Frameworks */ = {isa = PBXBuildFile; fileRef = B45EC0BC2A2B28E600CBCB25 /* Metal.framework */; };
		B45EC0BF2A2B28EC00CBCB25 /* QuartzCore.framework in Frameworks */ = {isa = PBXBuildFile; fileRef = B45EC0BE2A2B28EC00CBCB25 /* QuartzCore.framework */; };
		B45EC0C12A2B28F800CBCB25 /* Foundation.framework in Frameworks */ = {isa = PBXBuildFile; fileRef = B45EC0C02A2B28F800CBCB25 /* Foundation.framework */; };
		B45EC0C52A2B292200CBCB25 /* Renderer.cpp in Sources */ = {isa = PBXBuildFile; fileRef = B45EC0C32A2B292200CBCB25 /* Renderer.cpp */; };
		B45EC0C72A2B295700CBCB25 /* RendererAdapter.mm in Sources */ = {isa = PBXBuildFile; fileRef = B45EC0C62A2B295700CBCB25 /* RendererAdapter.mm */; };
		B45EC0CA2A2B2A6A00CBCB25 /* Shaders.metal in Sources */ = {isa = PBXBuildFile; fileRef = B45EC0C92A2B2A6A00CBCB25 /* Shaders.metal */; };
		B45EC0D82A2B547500CBCB25 /* GameView.mm in Sources */ = {isa = PBXBuildFile; fileRef = B45EC0D72A2B547500CBCB25 /* GameView.mm */; };
		B45EC0DB2A2B55C700CBCB25 /* MetalKit.framework in Frameworks */ = {isa = PBXBuildFile; fileRef = B45EC0DA2A2B55C700CBCB25 /* MetalKit.framework */; };
		B45EC0E32A2B692700CBCB25 /* Quad.cpp in Sources */ = {isa = PBXBuildFile; fileRef = B45EC0E12A2B692700CBCB25 /* Quad.cpp */; };
/* End PBXBuildFile section */

/* Begin PBXFileReference section */
		B45EC0A52A2B28DD00CBCB25 /* MetalCpp.app */ = {isa = PBXFileReference; explicitFileType = wrapper.application; includeInIndex = 0; path = MetalCpp.app; sourceTree = BUILT_PRODUCTS_DIR; };
		B45EC0A82A2B28DD00CBCB25 /* AppDelegate.h */ = {isa = PBXFileReference; lastKnownFileType = sourcecode.c.h; path = AppDelegate.h; sourceTree = "<group>"; };
		B45EC0A92A2B28DD00CBCB25 /* AppDelegate.m */ = {isa = PBXFileReference; lastKnownFileType = sourcecode.c.objc; path = AppDelegate.m; sourceTree = "<group>"; };
		B45EC0AE2A2B28DD00CBCB25 /* Assets.xcassets */ = {isa = PBXFileReference; lastKnownFileType = folder.assetcatalog; path = Assets.xcassets; sourceTree = "<group>"; };
		B45EC0B12A2B28DD00CBCB25 /* Base */ = {isa = PBXFileReference; lastKnownFileType = file.storyboard; name = Base; path = Base.lproj/Main.storyboard; sourceTree = "<group>"; };
		B45EC0B32A2B28DD00CBCB25 /* main.m */ = {isa = PBXFileReference; lastKnownFileType = sourcecode.c.objc; path = main.m; sourceTree = "<group>"; };
		B45EC0B52A2B28DD00CBCB25 /* MetalCpp.entitlements */ = {isa = PBXFileReference; lastKnownFileType = text.plist.entitlements; path = MetalCpp.entitlements; sourceTree = "<group>"; };
		B45EC0BC2A2B28E600CBCB25 /* Metal.framework */ = {isa = PBXFileReference; lastKnownFileType = wrapper.framework; name = Metal.framework; path = System/Library/Frameworks/Metal.framework; sourceTree = SDKROOT; };
		B45EC0BE2A2B28EC00CBCB25 /* QuartzCore.framework */ = {isa = PBXFileReference; lastKnownFileType = wrapper.framework; name = QuartzCore.framework; path = System/Library/Frameworks/QuartzCore.framework; sourceTree = SDKROOT; };
		B45EC0C02A2B28F800CBCB25 /* Foundation.framework */ = {isa = PBXFileReference; lastKnownFileType = wrapper.framework; name = Foundation.framework; path = System/Library/Frameworks/Foundation.framework; sourceTree = SDKROOT; };
		B45EC0C32A2B292200CBCB25 /* Renderer.cpp */ = {isa = PBXFileReference; lastKnownFileType = sourcecode.cpp.cpp; path = Renderer.cpp; sourceTree = "<group>"; };
		B45EC0C42A2B292200CBCB25 /* Renderer.hpp */ = {isa = PBXFileReference; lastKnownFileType = sourcecode.cpp.h; path = Renderer.hpp; sourceTree = "<group>"; };
		B45EC0C62A2B295700CBCB25 /* RendererAdapter.mm */ = {isa = PBXFileReference; lastKnownFileType = sourcecode.cpp.objcpp; path = RendererAdapter.mm; sourceTree = "<group>"; };
		B45EC0C82A2B296800CBCB25 /* RendererAdapter.h */ = {isa = PBXFileReference; lastKnownFileType = sourcecode.c.h; path = RendererAdapter.h; sourceTree = "<group>"; };
		B45EC0C92A2B2A6A00CBCB25 /* Shaders.metal */ = {isa = PBXFileReference; lastKnownFileType = sourcecode.metal; path = Shaders.metal; sourceTree = "<group>"; };
		B45EC0D72A2B547500CBCB25 /* GameView.mm */ = {isa = PBXFileReference; lastKnownFileType = sourcecode.cpp.objcpp; name = GameView.mm; path = ../Other/GameView.mm; sourceTree = "<group>"; };
		B45EC0D92A2B548900CBCB25 /* GameView.h */ = {isa = PBXFileReference; lastKnownFileType = sourcecode.c.h; name = GameView.h; path = ../Other/GameView.h; sourceTree = "<group>"; };
		B45EC0DA2A2B55C700CBCB25 /* MetalKit.framework */ = {isa = PBXFileReference; lastKnownFileType = wrapper.framework; name = MetalKit.framework; path = System/Library/Frameworks/MetalKit.framework; sourceTree = SDKROOT; };
		B45EC0E12A2B692700CBCB25 /* Quad.cpp */ = {isa = PBXFileReference; lastKnownFileType = sourcecode.cpp.cpp; path = Quad.cpp; sourceTree = "<group>"; };
		B45EC0E22A2B692700CBCB25 /* Quad.hpp */ = {isa = PBXFileReference; lastKnownFileType = sourcecode.cpp.h; path = Quad.hpp; sourceTree = "<group>"; };
/* End PBXFileReference section */

/* Begin PBXFrameworksBuildPhase section */
		B45EC0A22A2B28DD00CBCB25 /* Frameworks */ = {
			isa = PBXFrameworksBuildPhase;
			buildActionMask = 2147483647;
			files = (
				B45EC0DB2A2B55C700CBCB25 /* MetalKit.framework in Frameworks */,
				B45EC0BF2A2B28EC00CBCB25 /* QuartzCore.framework in Frameworks */,
				B45EC0C12A2B28F800CBCB25 /* Foundation.framework in Frameworks */,
				B45EC0BD2A2B28E600CBCB25 /* Metal.framework in Frameworks */,
			);
			runOnlyForDeploymentPostprocessing = 0;
		};
/* End PBXFrameworksBuildPhase section */

/* Begin PBXGroup section */
		B45EC09C2A2B28DD00CBCB25 = {
			isa = PBXGroup;
			children = (
				B45EC0A72A2B28DD00CBCB25 /* MetalCpp */,
				B45EC0A62A2B28DD00CBCB25 /* Products */,
				B45EC0BB2A2B28E600CBCB25 /* Frameworks */,
			);
			sourceTree = "<group>";
		};
		B45EC0A62A2B28DD00CBCB25 /* Products */ = {
			isa = PBXGroup;
			children = (
				B45EC0A52A2B28DD00CBCB25 /* MetalCpp.app */,
			);
			name = Products;
			sourceTree = "<group>";
		};
		B45EC0A72A2B28DD00CBCB25 /* MetalCpp */ = {
			isa = PBXGroup;
			children = (
				B45EC0DD2A2B638800CBCB25 /* Shaders */,
				B45EC0DC2A2B637A00CBCB25 /* Geometry */,
				B45EC0CB2A2B3BDA00CBCB25 /* Other */,
				B45EC0C22A2B291300CBCB25 /* Engine */,
			);
			path = MetalCpp;
			sourceTree = "<group>";
		};
		B45EC0BB2A2B28E600CBCB25 /* Frameworks */ = {
			isa = PBXGroup;
			children = (
				B45EC0DA2A2B55C700CBCB25 /* MetalKit.framework */,
				B45EC0C02A2B28F800CBCB25 /* Foundation.framework */,
				B45EC0BE2A2B28EC00CBCB25 /* QuartzCore.framework */,
				B45EC0BC2A2B28E600CBCB25 /* Metal.framework */,
			);
			name = Frameworks;
			sourceTree = "<group>";
		};
		B45EC0C22A2B291300CBCB25 /* Engine */ = {
			isa = PBXGroup;
			children = (
				B45EC0D72A2B547500CBCB25 /* GameView.mm */,
				B45EC0D92A2B548900CBCB25 /* GameView.h */,
				B45EC0C32A2B292200CBCB25 /* Renderer.cpp */,
				B45EC0C42A2B292200CBCB25 /* Renderer.hpp */,
				B45EC0C62A2B295700CBCB25 /* RendererAdapter.mm */,
				B45EC0C82A2B296800CBCB25 /* RendererAdapter.h */,
			);
			path = Engine;
			sourceTree = "<group>";
		};
		B45EC0CB2A2B3BDA00CBCB25 /* Other */ = {
			isa = PBXGroup;
			children = (
				B45EC0A82A2B28DD00CBCB25 /* AppDelegate.h */,
				B45EC0A92A2B28DD00CBCB25 /* AppDelegate.m */,
				B45EC0AE2A2B28DD00CBCB25 /* Assets.xcassets */,
				B45EC0B02A2B28DD00CBCB25 /* Main.storyboard */,
				B45EC0B32A2B28DD00CBCB25 /* main.m */,
				B45EC0B52A2B28DD00CBCB25 /* MetalCpp.entitlements */,
			);
			path = Other;
			sourceTree = "<group>";
		};
		B45EC0DC2A2B637A00CBCB25 /* Geometry */ = {
			isa = PBXGroup;
			children = (
				B45EC0E12A2B692700CBCB25 /* Quad.cpp */,
				B45EC0E22A2B692700CBCB25 /* Quad.hpp */,
			);
			path = Geometry;
			sourceTree = "<group>";
		};
		B45EC0DD2A2B638800CBCB25 /* Shaders */ = {
			isa = PBXGroup;
			children = (
				B45EC0C92A2B2A6A00CBCB25 /* Shaders.metal */,
			);
			path = Shaders;
			sourceTree = "<group>";
		};
/* End PBXGroup section */

/* Begin PBXNativeTarget section */
		B45EC0A42A2B28DD00CBCB25 /* MetalCpp */ = {
			isa = PBXNativeTarget;
			buildConfigurationList = B45EC0B82A2B28DD00CBCB25 /* Build configuration list for PBXNativeTarget "MetalCpp" */;
			buildPhases = (
				B45EC0A12A2B28DD00CBCB25 /* Sources */,
				B45EC0A22A2B28DD00CBCB25 /* Frameworks */,
				B45EC0A32A2B28DD00CBCB25 /* Resources */,
			);
			buildRules = (
			);
			dependencies = (
			);
			name = MetalCpp;
			productName = MetalCpp;
			productReference = B45EC0A52A2B28DD00CBCB25 /* MetalCpp.app */;
			productType = "com.apple.product-type.application";
		};
/* End PBXNativeTarget section */

/* Begin PBXProject section */
		B45EC09D2A2B28DD00CBCB25 /* Project object */ = {
			isa = PBXProject;
			attributes = {
				BuildIndependentTargetsInParallel = 1;
				LastUpgradeCheck = 1420;
				TargetAttributes = {
					B45EC0A42A2B28DD00CBCB25 = {
						CreatedOnToolsVersion = 14.2;
						LastSwiftMigration = 1420;
					};
				};
			};
			buildConfigurationList = B45EC0A02A2B28DD00CBCB25 /* Build configuration list for PBXProject "MetalCpp" */;
			compatibilityVersion = "Xcode 14.0";
			developmentRegion = en;
			hasScannedForEncodings = 0;
			knownRegions = (
				en,
				Base,
			);
			mainGroup = B45EC09C2A2B28DD00CBCB25;
			productRefGroup = B45EC0A62A2B28DD00CBCB25 /* Products */;
			projectDirPath = "";
			projectRoot = "";
			targets = (
				B45EC0A42A2B28DD00CBCB25 /* MetalCpp */,
			);
		};
/* End PBXProject section */

/* Begin PBXResourcesBuildPhase section */
		B45EC0A32A2B28DD00CBCB25 /* Resources */ = {
			isa = PBXResourcesBuildPhase;
			buildActionMask = 2147483647;
			files = (
				B45EC0AF2A2B28DD00CBCB25 /* Assets.xcassets in Resources */,
				B45EC0B22A2B28DD00CBCB25 /* Main.storyboard in Resources */,
			);
			runOnlyForDeploymentPostprocessing = 0;
		};
/* End PBXResourcesBuildPhase section */

/* Begin PBXSourcesBuildPhase section */
		B45EC0A12A2B28DD00CBCB25 /* Sources */ = {
			isa = PBXSourcesBuildPhase;
			buildActionMask = 2147483647;
			files = (
				B45EC0CA2A2B2A6A00CBCB25 /* Shaders.metal in Sources */,
				B45EC0C52A2B292200CBCB25 /* Renderer.cpp in Sources */,
				B45EC0B42A2B28DD00CBCB25 /* main.m in Sources */,
				B45EC0E32A2B692700CBCB25 /* Quad.cpp in Sources */,
				B45EC0C72A2B295700CBCB25 /* RendererAdapter.mm in Sources */,
				B45EC0AA2A2B28DD00CBCB25 /* AppDelegate.m in Sources */,
				B45EC0D82A2B547500CBCB25 /* GameView.mm in Sources */,
			);
			runOnlyForDeploymentPostprocessing = 0;
		};
/* End PBXSourcesBuildPhase section */

/* Begin PBXVariantGroup section */
		B45EC0B02A2B28DD00CBCB25 /* Main.storyboard */ = {
			isa = PBXVariantGroup;
			children = (
				B45EC0B12A2B28DD00CBCB25 /* Base */,
			);
			name = Main.storyboard;
			sourceTree = "<group>";
		};
/* End PBXVariantGroup section */

/* Begin XCBuildConfiguration section */
		B45EC0B62A2B28DD00CBCB25 /* Debug */ = {
			isa = XCBuildConfiguration;
			buildSettings = {
				ALWAYS_SEARCH_USER_PATHS = NO;
				CLANG_ANALYZER_NONNULL = YES;
				CLANG_ANALYZER_NUMBER_OBJECT_CONVERSION = YES_AGGRESSIVE;
				CLANG_CXX_LANGUAGE_STANDARD = "gnu++20";
				CLANG_ENABLE_MODULES = YES;
				CLANG_ENABLE_OBJC_ARC = YES;
				CLANG_ENABLE_OBJC_WEAK = YES;
				CLANG_WARN_BLOCK_CAPTURE_AUTORELEASING = YES;
				CLANG_WARN_BOOL_CONVERSION = YES;
				CLANG_WARN_COMMA = YES;
				CLANG_WARN_CONSTANT_CONVERSION = YES;
				CLANG_WARN_DEPRECATED_OBJC_IMPLEMENTATIONS = YES;
				CLANG_WARN_DIRECT_OBJC_ISA_USAGE = YES_ERROR;
				CLANG_WARN_DOCUMENTATION_COMMENTS = YES;
				CLANG_WARN_EMPTY_BODY = YES;
				CLANG_WARN_ENUM_CONVERSION = YES;
				CLANG_WARN_INFINITE_RECURSION = YES;
				CLANG_WARN_INT_CONVERSION = YES;
				CLANG_WARN_NON_LITERAL_NULL_CONVERSION = YES;
				CLANG_WARN_OBJC_IMPLICIT_RETAIN_SELF = YES;
				CLANG_WARN_OBJC_LITERAL_CONVERSION = YES;
				CLANG_WARN_OBJC_ROOT_CLASS = YES_ERROR;
				CLANG_WARN_QUOTED_INCLUDE_IN_FRAMEWORK_HEADER = YES;
				CLANG_WARN_RANGE_LOOP_ANALYSIS = YES;
				CLANG_WARN_STRICT_PROTOTYPES = YES;
				CLANG_WARN_SUSPICIOUS_MOVE = YES;
				CLANG_WARN_UNGUARDED_AVAILABILITY = YES_AGGRESSIVE;
				CLANG_WARN_UNREACHABLE_CODE = YES;
				CLANG_WARN__DUPLICATE_METHOD_MATCH = YES;
				COPY_PHASE_STRIP = NO;
				DEBUG_INFORMATION_FORMAT = dwarf;
				ENABLE_STRICT_OBJC_MSGSEND = YES;
				ENABLE_TESTABILITY = YES;
				GCC_C_LANGUAGE_STANDARD = gnu11;
				GCC_DYNAMIC_NO_PIC = NO;
				GCC_NO_COMMON_BLOCKS = YES;
				GCC_OPTIMIZATION_LEVEL = 0;
				GCC_PREPROCESSOR_DEFINITIONS = (
					"DEBUG=1",
					"$(inherited)",
				);
				GCC_WARN_64_TO_32_BIT_CONVERSION = YES;
				GCC_WARN_ABOUT_RETURN_TYPE = YES_ERROR;
				GCC_WARN_UNDECLARED_SELECTOR = YES;
				GCC_WARN_UNINITIALIZED_AUTOS = YES_AGGRESSIVE;
				GCC_WARN_UNUSED_FUNCTION = YES;
				GCC_WARN_UNUSED_VARIABLE = YES;
				MACOSX_DEPLOYMENT_TARGET = 12.6;
				MTL_ENABLE_DEBUG_INFO = INCLUDE_SOURCE;
				MTL_FAST_MATH = YES;
				ONLY_ACTIVE_ARCH = YES;
				SDKROOT = macosx;
			};
			name = Debug;
		};
		B45EC0B72A2B28DD00CBCB25 /* Release */ = {
			isa = XCBuildConfiguration;
			buildSettings = {
				ALWAYS_SEARCH_USER_PATHS = NO;
				CLANG_ANALYZER_NONNULL = YES;
				CLANG_ANALYZER_NUMBER_OBJECT_CONVERSION = YES_AGGRESSIVE;
				CLANG_CXX_LANGUAGE_STANDARD = "gnu++20";
				CLANG_ENABLE_MODULES = YES;
				CLANG_ENABLE_OBJC_ARC = YES;
				CLANG_ENABLE_OBJC_WEAK = YES;
				CLANG_WARN_BLOCK_CAPTURE_AUTORELEASING = YES;
				CLANG_WARN_BOOL_CONVERSION = YES;
				CLANG_WARN_COMMA = YES;
				CLANG_WARN_CONSTANT_CONVERSION = YES;
				CLANG_WARN_DEPRECATED_OBJC_IMPLEMENTATIONS = YES;
				CLANG_WARN_DIRECT_OBJC_ISA_USAGE = YES_ERROR;
				CLANG_WARN_DOCUMENTATION_COMMENTS = YES;
				CLANG_WARN_EMPTY_BODY = YES;
				CLANG_WARN_ENUM_CONVERSION = YES;
				CLANG_WARN_INFINITE_RECURSION = YES;
				CLANG_WARN_INT_CONVERSION = YES;
				CLANG_WARN_NON_LITERAL_NULL_CONVERSION = YES;
				CLANG_WARN_OBJC_IMPLICIT_RETAIN_SELF = YES;
				CLANG_WARN_OBJC_LITERAL_CONVERSION = YES;
				CLANG_WARN_OBJC_ROOT_CLASS = YES_ERROR;
				CLANG_WARN_QUOTED_INCLUDE_IN_FRAMEWORK_HEADER = YES;
				CLANG_WARN_RANGE_LOOP_ANALYSIS = YES;
				CLANG_WARN_STRICT_PROTOTYPES = YES;
				CLANG_WARN_SUSPICIOUS_MOVE = YES;
				CLANG_WARN_UNGUARDED_AVAILABILITY = YES_AGGRESSIVE;
				CLANG_WARN_UNREACHABLE_CODE = YES;
				CLANG_WARN__DUPLICATE_METHOD_MATCH = YES;
				COPY_PHASE_STRIP = NO;
				DEBUG_INFORMATION_FORMAT = "dwarf-with-dsym";
				ENABLE_NS_ASSERTIONS = NO;
				ENABLE_STRICT_OBJC_MSGSEND = YES;
				GCC_C_LANGUAGE_STANDARD = gnu11;
				GCC_NO_COMMON_BLOCKS = YES;
				GCC_WARN_64_TO_32_BIT_CONVERSION = YES;
				GCC_WARN_ABOUT_RETURN_TYPE = YES_ERROR;
				GCC_WARN_UNDECLARED_SELECTOR = YES;
				GCC_WARN_UNINITIALIZED_AUTOS = YES_AGGRESSIVE;
				GCC_WARN_UNUSED_FUNCTION = YES;
				GCC_WARN_UNUSED_VARIABLE = YES;
				MACOSX_DEPLOYMENT_TARGET = 12.6;
				MTL_ENABLE_DEBUG_INFO = NO;
				MTL_FAST_MATH = YES;
				SDKROOT = macosx;
			};
			name = Release;
		};
		B45EC0B92A2B28DD00CBCB25 /* Debug */ = {
			isa = XCBuildConfiguration;
			buildSettings = {
				ASSETCATALOG_COMPILER_APPICON_NAME = AppIcon;
				ASSETCATALOG_COMPILER_GLOBAL_ACCENT_COLOR_NAME = AccentColor;
				CLANG_ENABLE_MODULES = YES;
				CODE_SIGN_ENTITLEMENTS = MetalCpp/Other/MetalCpp.entitlements;
				CODE_SIGN_STYLE = Automatic;
				COMBINE_HIDPI_IMAGES = YES;
				CURRENT_PROJECT_VERSION = 1;
				GENERATE_INFOPLIST_FILE = YES;
				HEADER_SEARCH_PATHS = "/Library/metal-cpp";
				INFOPLIST_KEY_NSHumanReadableCopyright = "";
				INFOPLIST_KEY_NSMainStoryboardFile = Main;
				INFOPLIST_KEY_NSPrincipalClass = NSApplication;
				LD_RUNPATH_SEARCH_PATHS = (
					"$(inherited)",
					"@executable_path/../Frameworks",
				);
				MARKETING_VERSION = 1.0;
				OTHER_LDFLAGS = "";
				PRODUCT_BUNDLE_IDENTIFIER = org.leleszi.MetalCpp;
				PRODUCT_NAME = "$(TARGET_NAME)";
				SWIFT_EMIT_LOC_STRINGS = YES;
				SWIFT_OPTIMIZATION_LEVEL = "-Onone";
				SWIFT_VERSION = 5.0;
			};
			name = Debug;
		};
		B45EC0BA2A2B28DD00CBCB25 /* Release */ = {
			isa = XCBuildConfiguration;
			buildSettings = {
				ASSETCATALOG_COMPILER_APPICON_NAME = AppIcon;
				ASSETCATALOG_COMPILER_GLOBAL_ACCENT_COLOR_NAME = AccentColor;
				CLANG_ENABLE_MODULES = YES;
				CODE_SIGN_ENTITLEMENTS = MetalCpp/Other/MetalCpp.entitlements;
				CODE_SIGN_STYLE = Automatic;
				COMBINE_HIDPI_IMAGES = YES;
				CURRENT_PROJECT_VERSION = 1;
				GENERATE_INFOPLIST_FILE = YES;
				HEADER_SEARCH_PATHS = "/Library/metal-cpp";
				INFOPLIST_KEY_NSHumanReadableCopyright = "";
				INFOPLIST_KEY_NSMainStoryboardFile = Main;
				INFOPLIST_KEY_NSPrincipalClass = NSApplication;
				LD_RUNPATH_SEARCH_PATHS = (
					"$(inherited)",
					"@executable_path/../Frameworks",
				);
				MARKETING_VERSION = 1.0;
				OTHER_LDFLAGS = "";
				PRODUCT_BUNDLE_IDENTIFIER = org.leleszi.MetalCpp;
				PRODUCT_NAME = "$(TARGET_NAME)";
				SWIFT_EMIT_LOC_STRINGS = YES;
				SWIFT_VERSION = 5.0;
			};
			name = Release;
		};
/* End XCBuildConfiguration section */

/* Begin XCConfigurationList section */
		B45EC0A02A2B28DD00CBCB25 /* Build configuration list for PBXProject "MetalCpp" */ = {
			isa = XCConfigurationList;
			buildConfigurations = (
				B45EC0B62A2B28DD00CBCB25 /* Debug */,
				B45EC0B72A2B28DD00CBCB25 /* Release */,
			);
			defaultConfigurationIsVisible = 0;
			defaultConfigurationName = Release;
		};
		B45EC0B82A2B28DD00CBCB25 /* Build configuration list for PBXNativeTarget "MetalCpp" */ = {
			isa = XCConfigurationList;
			buildConfigurations = (
				B45EC0B92A2B28DD00CBCB25 /* Debug */,
				B45EC0BA2A2B28DD00CBCB25 /* Release */,
			);
			defaultConfigurationIsVisible = 0;
			defaultConfigurationName = Release;
		};
/* End XCConfigurationList section */
	};
	rootObject = B45EC09D2A2B28DD00CBCB25 /* Project object */;
}
